
Microsoft Visual Studio Solution File, Format Version 12.00
# Visual Studio Version 17
VisualStudioVersion = 17.1.32210.238
MinimumVisualStudioVersion = 10.0.40219.1
Project("{FAE04EC0-301F-11D3-BF4B-00C04F79EFBC}") = "EmployeeLeaveMangApp", "EmployeeLeaveMangApp\EmployeeLeaveMangApp.csproj", "{C6EC40AE-A0EC-4EFE-9279-7A0471E9B81F}"
EndProject
Global
	GlobalSection(SolutionConfigurationPlatforms) = preSolution
		Debug|Any CPU = Debug|Any CPU
		Release|Any CPU = Release|Any CPU
	EndGlobalSection
	GlobalSection(ProjectConfigurationPlatforms) = postSolution
		{C6EC40AE-A0EC-4EFE-9279-7A0471E9B81F}.Debug|Any CPU.ActiveCfg = Debug|Any CPU
		{C6EC40AE-A0EC-4EFE-9279-7A0471E9B81F}.Debug|Any CPU.Build.0 = Debug|Any CPU
		{C6EC40AE-A0EC-4EFE-9279-7A0471E9B81F}.Release|Any CPU.ActiveCfg = Release|Any CPU
		{C6EC40AE-A0EC-4EFE-9279-7A0471E9B81F}.Release|Any CPU.Build.0 = Release|Any CPU
	EndGlobalSection
	GlobalSection(SolutionProperties) = preSolution
		HideSolutionNode = FALSE
	EndGlobalSection
	GlobalSection(ExtensibilityGlobals) = postSolution
		SolutionGuid = {B9174069-0544-4F43-8CBC-21B9B404ECDF}
	EndGlobalSection
EndGlobal
