
Microsoft Visual Studio Solution File, Format Version 12.00
# Visual Studio Version 16
VisualStudioVersion = 16.0.32106.194
MinimumVisualStudioVersion = 10.0.40219.1
Project("{9A19103F-16F7-4668-BE54-9A1E7A4F7556}") = "EmployeeLeaveMangApp", "EmployeeLeaveMangApp\EmployeeLeaveMangApp.csproj", "{C6EC40AE-A0EC-4EFE-9279-7A0471E9B81F}"
EndProject
Project("{151D2E53-A2C4-4D7D-83FE-D05416EBD58E}") = "serviceBus.Queue", "serviceBus.Queue\serviceBus.Queue.deployproj", "{55ED21B5-17E6-413E-BFD6-D52D22F3FE2E}"
EndProject
Project("{151D2E53-A2C4-4D7D-83FE-D05416EBD58E}") = "sendEmailAlert-ELMS", "sendEmailAlert-ELMS\sendEmailAlert-ELMS.deployproj", "{612118FF-722D-4423-B11D-C410CDEF9595}"
EndProject
Project("{FAE04EC0-301F-11D3-BF4B-00C04F79EFBC}") = "ValidateLogin-ELMS", "ValidateLogin-ELMS\ValidateLogin-ELMS.csproj", "{5DAC59B4-20AC-4B60-98D0-BD8C5D578BE7}"
EndProject
Global
	GlobalSection(SolutionConfigurationPlatforms) = preSolution
		Debug|Any CPU = Debug|Any CPU
		Release|Any CPU = Release|Any CPU
	EndGlobalSection
	GlobalSection(ProjectConfigurationPlatforms) = postSolution
		{C6EC40AE-A0EC-4EFE-9279-7A0471E9B81F}.Debug|Any CPU.ActiveCfg = Debug|Any CPU
		{C6EC40AE-A0EC-4EFE-9279-7A0471E9B81F}.Debug|Any CPU.Build.0 = Debug|Any CPU
		{C6EC40AE-A0EC-4EFE-9279-7A0471E9B81F}.Release|Any CPU.ActiveCfg = Release|Any CPU
		{C6EC40AE-A0EC-4EFE-9279-7A0471E9B81F}.Release|Any CPU.Build.0 = Release|Any CPU
		{55ED21B5-17E6-413E-BFD6-D52D22F3FE2E}.Debug|Any CPU.ActiveCfg = Debug|Any CPU
		{55ED21B5-17E6-413E-BFD6-D52D22F3FE2E}.Debug|Any CPU.Build.0 = Debug|Any CPU
		{55ED21B5-17E6-413E-BFD6-D52D22F3FE2E}.Release|Any CPU.ActiveCfg = Release|Any CPU
		{55ED21B5-17E6-413E-BFD6-D52D22F3FE2E}.Release|Any CPU.Build.0 = Release|Any CPU
		{612118FF-722D-4423-B11D-C410CDEF9595}.Debug|Any CPU.ActiveCfg = Debug|Any CPU
		{612118FF-722D-4423-B11D-C410CDEF9595}.Debug|Any CPU.Build.0 = Debug|Any CPU
		{612118FF-722D-4423-B11D-C410CDEF9595}.Release|Any CPU.ActiveCfg = Release|Any CPU
		{612118FF-722D-4423-B11D-C410CDEF9595}.Release|Any CPU.Build.0 = Release|Any CPU
		{5DAC59B4-20AC-4B60-98D0-BD8C5D578BE7}.Debug|Any CPU.ActiveCfg = Debug|Any CPU
		{5DAC59B4-20AC-4B60-98D0-BD8C5D578BE7}.Debug|Any CPU.Build.0 = Debug|Any CPU
		{5DAC59B4-20AC-4B60-98D0-BD8C5D578BE7}.Release|Any CPU.ActiveCfg = Release|Any CPU
		{5DAC59B4-20AC-4B60-98D0-BD8C5D578BE7}.Release|Any CPU.Build.0 = Release|Any CPU
	EndGlobalSection
	GlobalSection(SolutionProperties) = preSolution
		HideSolutionNode = FALSE
	EndGlobalSection
	GlobalSection(ExtensibilityGlobals) = postSolution
		SolutionGuid = {B9174069-0544-4F43-8CBC-21B9B404ECDF}
	EndGlobalSection
EndGlobal
